
Microsoft Visual Studio Solution File, Format Version 12.00
# Visual Studio 15
VisualStudioVersion = 15.0.27428.2037
MinimumVisualStudioVersion = 10.0.40219.1
Project("{8BC9CEB8-8B4A-11D0-8D11-00A0C91BC942}") = "OperatorsOverloadingAgain", "Classwork2\Classwork2.vcxproj", "{DBCF7ED0-2BF1-40DB-A42E-867F879E69A0}"
EndProject
Project("{8BC9CEB8-8B4A-11D0-8D11-00A0C91BC942}") = "Dino", "Dino\Dino.vcxproj", "{EE2F3B50-AF90-434D-BDDD-E057CAB518F3}"
EndProject
Project("{8BC9CEB8-8B4A-11D0-8D11-00A0C91BC942}") = "OperatorsOverloading", "OperatorsOverloading\OperatorsOverloading.vcxproj", "{8438E844-5F4C-4646-922C-DD39015A425E}"
EndProject
Project("{8BC9CEB8-8B4A-11D0-8D11-00A0C91BC942}") = "MoveConstructor", "MoveConstructor\MoveConstructor.vcxproj", "{0AEC5E62-5186-4077-BE00-0961A439418B}"
EndProject
Project("{8BC9CEB8-8B4A-11D0-8D11-00A0C91BC942}") = "TemplatesOOP", "TemplatesOOP\TemplatesOOP.vcxproj", "{064A88A5-EBC8-4BD2-AF90-13350CBE8AA7}"
EndProject
Project("{8BC9CEB8-8B4A-11D0-8D11-00A0C91BC942}") = "MyString", "MyString\MyString.vcxproj", "{B85A3B59-9A8A-443E-B776-05CB099E6566}"
EndProject
Project("{8BC9CEB8-8B4A-11D0-8D11-00A0C91BC942}") = "Stack_n_Queue", "Stack_n_Queue\Stack_n_Queue.vcxproj", "{788BBC6A-9CED-44C3-A769-44AE5226089C}"
EndProject
Project("{8BC9CEB8-8B4A-11D0-8D11-00A0C91BC942}") = "LinkedList", "LinkedList\LinkedList.vcxproj", "{DC3B5D71-8E80-444B-A64D-1CCB530E5B1D}"
EndProject
Global
	GlobalSection(SolutionConfigurationPlatforms) = preSolution
		Debug|x64 = Debug|x64
		Debug|x86 = Debug|x86
		Release|x64 = Release|x64
		Release|x86 = Release|x86
	EndGlobalSection
	GlobalSection(ProjectConfigurationPlatforms) = postSolution
		{DBCF7ED0-2BF1-40DB-A42E-867F879E69A0}.Debug|x64.ActiveCfg = Debug|x64
		{DBCF7ED0-2BF1-40DB-A42E-867F879E69A0}.Debug|x64.Build.0 = Debug|x64
		{DBCF7ED0-2BF1-40DB-A42E-867F879E69A0}.Debug|x86.ActiveCfg = Debug|Win32
		{DBCF7ED0-2BF1-40DB-A42E-867F879E69A0}.Debug|x86.Build.0 = Debug|Win32
		{DBCF7ED0-2BF1-40DB-A42E-867F879E69A0}.Release|x64.ActiveCfg = Release|x64
		{DBCF7ED0-2BF1-40DB-A42E-867F879E69A0}.Release|x64.Build.0 = Release|x64
		{DBCF7ED0-2BF1-40DB-A42E-867F879E69A0}.Release|x86.ActiveCfg = Release|Win32
		{DBCF7ED0-2BF1-40DB-A42E-867F879E69A0}.Release|x86.Build.0 = Release|Win32
		{EE2F3B50-AF90-434D-BDDD-E057CAB518F3}.Debug|x64.ActiveCfg = Debug|x64
		{EE2F3B50-AF90-434D-BDDD-E057CAB518F3}.Debug|x64.Build.0 = Debug|x64
		{EE2F3B50-AF90-434D-BDDD-E057CAB518F3}.Debug|x86.ActiveCfg = Debug|Win32
		{EE2F3B50-AF90-434D-BDDD-E057CAB518F3}.Debug|x86.Build.0 = Debug|Win32
		{EE2F3B50-AF90-434D-BDDD-E057CAB518F3}.Release|x64.ActiveCfg = Release|x64
		{EE2F3B50-AF90-434D-BDDD-E057CAB518F3}.Release|x64.Build.0 = Release|x64
		{EE2F3B50-AF90-434D-BDDD-E057CAB518F3}.Release|x86.ActiveCfg = Release|Win32
		{EE2F3B50-AF90-434D-BDDD-E057CAB518F3}.Release|x86.Build.0 = Release|Win32
		{8438E844-5F4C-4646-922C-DD39015A425E}.Debug|x64.ActiveCfg = Debug|x64
		{8438E844-5F4C-4646-922C-DD39015A425E}.Debug|x64.Build.0 = Debug|x64
		{8438E844-5F4C-4646-922C-DD39015A425E}.Debug|x86.ActiveCfg = Debug|Win32
		{8438E844-5F4C-4646-922C-DD39015A425E}.Debug|x86.Build.0 = Debug|Win32
		{8438E844-5F4C-4646-922C-DD39015A425E}.Release|x64.ActiveCfg = Release|x64
		{8438E844-5F4C-4646-922C-DD39015A425E}.Release|x64.Build.0 = Release|x64
		{8438E844-5F4C-4646-922C-DD39015A425E}.Release|x86.ActiveCfg = Release|Win32
		{8438E844-5F4C-4646-922C-DD39015A425E}.Release|x86.Build.0 = Release|Win32
		{0AEC5E62-5186-4077-BE00-0961A439418B}.Debug|x64.ActiveCfg = Debug|x64
		{0AEC5E62-5186-4077-BE00-0961A439418B}.Debug|x64.Build.0 = Debug|x64
		{0AEC5E62-5186-4077-BE00-0961A439418B}.Debug|x86.ActiveCfg = Debug|Win32
		{0AEC5E62-5186-4077-BE00-0961A439418B}.Debug|x86.Build.0 = Debug|Win32
		{0AEC5E62-5186-4077-BE00-0961A439418B}.Release|x64.ActiveCfg = Release|x64
		{0AEC5E62-5186-4077-BE00-0961A439418B}.Release|x64.Build.0 = Release|x64
		{0AEC5E62-5186-4077-BE00-0961A439418B}.Release|x86.ActiveCfg = Release|Win32
		{0AEC5E62-5186-4077-BE00-0961A439418B}.Release|x86.Build.0 = Release|Win32
		{064A88A5-EBC8-4BD2-AF90-13350CBE8AA7}.Debug|x64.ActiveCfg = Debug|x64
		{064A88A5-EBC8-4BD2-AF90-13350CBE8AA7}.Debug|x64.Build.0 = Debug|x64
		{064A88A5-EBC8-4BD2-AF90-13350CBE8AA7}.Debug|x86.ActiveCfg = Debug|Win32
		{064A88A5-EBC8-4BD2-AF90-13350CBE8AA7}.Debug|x86.Build.0 = Debug|Win32
		{064A88A5-EBC8-4BD2-AF90-13350CBE8AA7}.Release|x64.ActiveCfg = Release|x64
		{064A88A5-EBC8-4BD2-AF90-13350CBE8AA7}.Release|x64.Build.0 = Release|x64
		{064A88A5-EBC8-4BD2-AF90-13350CBE8AA7}.Release|x86.ActiveCfg = Release|Win32
		{064A88A5-EBC8-4BD2-AF90-13350CBE8AA7}.Release|x86.Build.0 = Release|Win32
		{B85A3B59-9A8A-443E-B776-05CB099E6566}.Debug|x64.ActiveCfg = Debug|x64
		{B85A3B59-9A8A-443E-B776-05CB099E6566}.Debug|x64.Build.0 = Debug|x64
		{B85A3B59-9A8A-443E-B776-05CB099E6566}.Debug|x86.ActiveCfg = Debug|Win32
		{B85A3B59-9A8A-443E-B776-05CB099E6566}.Debug|x86.Build.0 = Debug|Win32
		{B85A3B59-9A8A-443E-B776-05CB099E6566}.Release|x64.ActiveCfg = Release|x64
		{B85A3B59-9A8A-443E-B776-05CB099E6566}.Release|x64.Build.0 = Release|x64
		{B85A3B59-9A8A-443E-B776-05CB099E6566}.Release|x86.ActiveCfg = Release|Win32
		{B85A3B59-9A8A-443E-B776-05CB099E6566}.Release|x86.Build.0 = Release|Win32
		{788BBC6A-9CED-44C3-A769-44AE5226089C}.Debug|x64.ActiveCfg = Debug|x64
		{788BBC6A-9CED-44C3-A769-44AE5226089C}.Debug|x64.Build.0 = Debug|x64
		{788BBC6A-9CED-44C3-A769-44AE5226089C}.Debug|x86.ActiveCfg = Debug|Win32
		{788BBC6A-9CED-44C3-A769-44AE5226089C}.Debug|x86.Build.0 = Debug|Win32
		{788BBC6A-9CED-44C3-A769-44AE5226089C}.Release|x64.ActiveCfg = Release|x64
		{788BBC6A-9CED-44C3-A769-44AE5226089C}.Release|x64.Build.0 = Release|x64
		{788BBC6A-9CED-44C3-A769-44AE5226089C}.Release|x86.ActiveCfg = Release|Win32
		{788BBC6A-9CED-44C3-A769-44AE5226089C}.Release|x86.Build.0 = Release|Win32
		{DC3B5D71-8E80-444B-A64D-1CCB530E5B1D}.Debug|x64.ActiveCfg = Debug|x64
		{DC3B5D71-8E80-444B-A64D-1CCB530E5B1D}.Debug|x64.Build.0 = Debug|x64
		{DC3B5D71-8E80-444B-A64D-1CCB530E5B1D}.Debug|x86.ActiveCfg = Debug|Win32
		{DC3B5D71-8E80-444B-A64D-1CCB530E5B1D}.Debug|x86.Build.0 = Debug|Win32
		{DC3B5D71-8E80-444B-A64D-1CCB530E5B1D}.Release|x64.ActiveCfg = Release|x64
		{DC3B5D71-8E80-444B-A64D-1CCB530E5B1D}.Release|x64.Build.0 = Release|x64
		{DC3B5D71-8E80-444B-A64D-1CCB530E5B1D}.Release|x86.ActiveCfg = Release|Win32
		{DC3B5D71-8E80-444B-A64D-1CCB530E5B1D}.Release|x86.Build.0 = Release|Win32
	EndGlobalSection
	GlobalSection(SolutionProperties) = preSolution
		HideSolutionNode = FALSE
	EndGlobalSection
	GlobalSection(ExtensibilityGlobals) = postSolution
		SolutionGuid = {B4265065-642F-4FAA-A82C-1B39BD60BD85}
	EndGlobalSection
EndGlobal
